
Microsoft Visual Studio Solution File, Format Version 12.00
# Visual Studio 15
VisualStudioVersion = 15.0.26730.12
MinimumVisualStudioVersion = 10.0.40219.1
Project("{FAE04EC0-301F-11D3-BF4B-00C04F79EFBC}") = "Rain drops", "Rain drops\Rain drops.csproj", "{7D9A1E33-B7AE-41FB-9C18-D392D3BA7358}"
EndProject
Global
	GlobalSection(SolutionConfigurationPlatforms) = preSolution
		Debug|Any CPU = Debug|Any CPU
		Release|Any CPU = Release|Any CPU
	EndGlobalSection
	GlobalSection(ProjectConfigurationPlatforms) = postSolution
		{7D9A1E33-B7AE-41FB-9C18-D392D3BA7358}.Debug|Any CPU.ActiveCfg = Debug|Any CPU
		{7D9A1E33-B7AE-41FB-9C18-D392D3BA7358}.Debug|Any CPU.Build.0 = Debug|Any CPU
		{7D9A1E33-B7AE-41FB-9C18-D392D3BA7358}.Release|Any CPU.ActiveCfg = Release|Any CPU
		{7D9A1E33-B7AE-41FB-9C18-D392D3BA7358}.Release|Any CPU.Build.0 = Release|Any CPU
	EndGlobalSection
	GlobalSection(SolutionProperties) = preSolution
		HideSolutionNode = FALSE
	EndGlobalSection
	GlobalSection(ExtensibilityGlobals) = postSolution
		SolutionGuid = {FB8B097E-0FFC-40D7-B9AD-58BA806FCF17}
	EndGlobalSection
EndGlobal
